
Microsoft Visual Studio Solution File, Format Version 12.00
# Visual Studio Version 17
VisualStudioVersion = 17.2.32616.157
MinimumVisualStudioVersion = 10.0.40219.1
Project("{FAE04EC0-301F-11D3-BF4B-00C04F79EFBC}") = "SDuo.Tunnel", "SDuo.Tunnel\SDuo.Tunnel.csproj", "{E8B14E4E-287A-445E-8AA1-836ABA00A047}"
EndProject
Global
	GlobalSection(SolutionConfigurationPlatforms) = preSolution
		Debug|Any CPU = Debug|Any CPU
		Release|Any CPU = Release|Any CPU
	EndGlobalSection
	GlobalSection(ProjectConfigurationPlatforms) = postSolution
		{E8B14E4E-287A-445E-8AA1-836ABA00A047}.Debug|Any CPU.ActiveCfg = Debug|Any CPU
		{E8B14E4E-287A-445E-8AA1-836ABA00A047}.Debug|Any CPU.Build.0 = Debug|Any CPU
		{E8B14E4E-287A-445E-8AA1-836ABA00A047}.Release|Any CPU.ActiveCfg = Release|Any CPU
		{E8B14E4E-287A-445E-8AA1-836ABA00A047}.Release|Any CPU.Build.0 = Release|Any CPU
	EndGlobalSection
	GlobalSection(SolutionProperties) = preSolution
		HideSolutionNode = FALSE
	EndGlobalSection
	GlobalSection(ExtensibilityGlobals) = postSolution
		SolutionGuid = {F2886F1D-2B70-4841-B507-62B1401BE99F}
	EndGlobalSection
EndGlobal
